{
  "requires": true,
  "lockfileVersion": 1,
  "dependencies": {
    "minecraft-server-util": {
      "version": "3.0.4",
      "resolved": "https://registry.npmjs.org/minecraft-server-util/-/minecraft-server-util-3.0.4.tgz",
      "integrity": "sha512-W3uIKgOYLIokuzom1eChQQ1VUiGoGtzbF2STsUlRmOoD6maZNeZZBxFw6/6HqpiW8bVKwcX0+2gUz5s/2z8hIw=="
    },
    "minimist": {
      "version": "1.2.5",
      "resolved": "https://registry.npmjs.org/minimist/-/minimist-1.2.5.tgz",
      "integrity": "sha512-FM9nNUYrRBAELZQT3xeZQ7fmMOBg6nWNmJKTcgsJeaLstP/UODVpGsr5OhXhhXg6f+qtJ8uiZ+PUxkDWcgIXLw=="
    }
  }
}
